
Microsoft Visual Studio Solution File, Format Version 12.00
# Visual Studio 14
VisualStudioVersion = 14.0.25420.1
MinimumVisualStudioVersion = 10.0.40219.1
Project("{FAE04EC0-301F-11D3-BF4B-00C04F79EFBC}") = "Creating-Methods-Example", "Creating-Methods-Example.csproj", "{783A9FB9-9BFC-4F32-9535-D8C55E7650DC}"
EndProject
Global
	GlobalSection(SolutionConfigurationPlatforms) = preSolution
		Debug|Any CPU = Debug|Any CPU
		Release|Any CPU = Release|Any CPU
	EndGlobalSection
	GlobalSection(ProjectConfigurationPlatforms) = postSolution
		{783A9FB9-9BFC-4F32-9535-D8C55E7650DC}.Debug|Any CPU.ActiveCfg = Debug|Any CPU
		{783A9FB9-9BFC-4F32-9535-D8C55E7650DC}.Debug|Any CPU.Build.0 = Debug|Any CPU
		{783A9FB9-9BFC-4F32-9535-D8C55E7650DC}.Release|Any CPU.ActiveCfg = Release|Any CPU
		{783A9FB9-9BFC-4F32-9535-D8C55E7650DC}.Release|Any CPU.Build.0 = Release|Any CPU
	EndGlobalSection
	GlobalSection(SolutionProperties) = preSolution
		HideSolutionNode = FALSE
	EndGlobalSection
EndGlobal
